{
  "name": "d2wmobilecommandcenter",
  "version": "1.0.0",
  "lockfileVersion": 1,
  "requires": true,
  "dependencies": {
    "@types/googlemaps": {
      "version": "3.30.9",
      "resolved": "https://registry.npmjs.org/@types/googlemaps/-/googlemaps-3.30.9.tgz",
      "integrity": "sha512-Ti8XvV5OYxvxYAeQja29JH48F2T3pV7LhuEcNf6yM/iHvRq3guzFL/J9QIG9v3L9KCkk4NgO38SKc2kWvX8aZA=="
    }
  }
}
